
Microsoft Visual Studio Solution File, Format Version 12.00
# Visual Studio Version 16
VisualStudioVersion = 16.0.30611.23
MinimumVisualStudioVersion = 10.0.40219.1
Project("{FAE04EC0-301F-11D3-BF4B-00C04F79EFBC}") = "HashTableProblem", "HashTableProblem.csproj", "{7A0F4C15-78C7-40CD-A538-2CBD7CE598CC}"
EndProject
Global
	GlobalSection(SolutionConfigurationPlatforms) = preSolution
		Debug|Any CPU = Debug|Any CPU
		Release|Any CPU = Release|Any CPU
	EndGlobalSection
	GlobalSection(ProjectConfigurationPlatforms) = postSolution
		{7A0F4C15-78C7-40CD-A538-2CBD7CE598CC}.Debug|Any CPU.ActiveCfg = Debug|Any CPU
		{7A0F4C15-78C7-40CD-A538-2CBD7CE598CC}.Debug|Any CPU.Build.0 = Debug|Any CPU
		{7A0F4C15-78C7-40CD-A538-2CBD7CE598CC}.Release|Any CPU.ActiveCfg = Release|Any CPU
		{7A0F4C15-78C7-40CD-A538-2CBD7CE598CC}.Release|Any CPU.Build.0 = Release|Any CPU
	EndGlobalSection
	GlobalSection(SolutionProperties) = preSolution
		HideSolutionNode = FALSE
	EndGlobalSection
	GlobalSection(ExtensibilityGlobals) = postSolution
		SolutionGuid = {4CD767ED-258E-45C2-B9A3-9A9097CE5335}
	EndGlobalSection
EndGlobal
